
Microsoft Visual Studio Solution File, Format Version 12.00
# Visual Studio Version 17
VisualStudioVersion = 17.0.31903.59
MinimumVisualStudioVersion = 10.0.40219.1
Project("{FAE04EC0-301F-11D3-BF4B-00C04F79EFBC}") = "CreationalPatterns", "CreationalPatterns\CreationalPatterns.csproj", "{26BCDB09-89E9-4A72-A994-CF96A47DC4D5}"
EndProject
Project("{FAE04EC0-301F-11D3-BF4B-00C04F79EFBC}") = "StructuralPatterns", "StructuralPatterns\StructuralPatterns.csproj", "{7502D87F-CA77-4DDD-9502-A5DD943C4A40}"
EndProject
Project("{FAE04EC0-301F-11D3-BF4B-00C04F79EFBC}") = "BehavioralPatterns", "BehavioralPatterns\BehavioralPatterns.csproj", "{2827E67C-F4D7-4790-9621-6D8009F394A8}"
EndProject
Global
	GlobalSection(SolutionConfigurationPlatforms) = preSolution
		Debug|Any CPU = Debug|Any CPU
		Release|Any CPU = Release|Any CPU
	EndGlobalSection
	GlobalSection(SolutionProperties) = preSolution
		HideSolutionNode = FALSE
	EndGlobalSection
	GlobalSection(ProjectConfigurationPlatforms) = postSolution
		{26BCDB09-89E9-4A72-A994-CF96A47DC4D5}.Debug|Any CPU.ActiveCfg = Debug|Any CPU
		{26BCDB09-89E9-4A72-A994-CF96A47DC4D5}.Debug|Any CPU.Build.0 = Debug|Any CPU
		{26BCDB09-89E9-4A72-A994-CF96A47DC4D5}.Release|Any CPU.ActiveCfg = Release|Any CPU
		{26BCDB09-89E9-4A72-A994-CF96A47DC4D5}.Release|Any CPU.Build.0 = Release|Any CPU
		{7502D87F-CA77-4DDD-9502-A5DD943C4A40}.Debug|Any CPU.ActiveCfg = Debug|Any CPU
		{7502D87F-CA77-4DDD-9502-A5DD943C4A40}.Debug|Any CPU.Build.0 = Debug|Any CPU
		{7502D87F-CA77-4DDD-9502-A5DD943C4A40}.Release|Any CPU.ActiveCfg = Release|Any CPU
		{7502D87F-CA77-4DDD-9502-A5DD943C4A40}.Release|Any CPU.Build.0 = Release|Any CPU
		{2827E67C-F4D7-4790-9621-6D8009F394A8}.Debug|Any CPU.ActiveCfg = Debug|Any CPU
		{2827E67C-F4D7-4790-9621-6D8009F394A8}.Debug|Any CPU.Build.0 = Debug|Any CPU
		{2827E67C-F4D7-4790-9621-6D8009F394A8}.Release|Any CPU.ActiveCfg = Release|Any CPU
		{2827E67C-F4D7-4790-9621-6D8009F394A8}.Release|Any CPU.Build.0 = Release|Any CPU
	EndGlobalSection
EndGlobal
