
Microsoft Visual Studio Solution File, Format Version 12.00
# Visual Studio Version 16
VisualStudioVersion = 16.0.30114.105
MinimumVisualStudioVersion = 10.0.40219.1
Project("{FAE04EC0-301F-11D3-BF4B-00C04F79EFBC}") = "FacadePattern", "FacadePattern\FacadePattern.csproj", "{0E62A192-871C-4904-9893-52ECD408A1D1}"
EndProject
Project("{FAE04EC0-301F-11D3-BF4B-00C04F79EFBC}") = "FacadePattern.Tests", "FacadePattern.Tests\FacadePattern.Tests.csproj", "{F14BD39A-CBA4-46B2-836C-DCD6AC3B1FB3}"
EndProject
Global
	GlobalSection(SolutionConfigurationPlatforms) = preSolution
		Debug|Any CPU = Debug|Any CPU
		Release|Any CPU = Release|Any CPU
	EndGlobalSection
	GlobalSection(SolutionProperties) = preSolution
		HideSolutionNode = FALSE
	EndGlobalSection
	GlobalSection(ProjectConfigurationPlatforms) = postSolution
		{0E62A192-871C-4904-9893-52ECD408A1D1}.Debug|Any CPU.ActiveCfg = Debug|Any CPU
		{0E62A192-871C-4904-9893-52ECD408A1D1}.Debug|Any CPU.Build.0 = Debug|Any CPU
		{0E62A192-871C-4904-9893-52ECD408A1D1}.Release|Any CPU.ActiveCfg = Release|Any CPU
		{0E62A192-871C-4904-9893-52ECD408A1D1}.Release|Any CPU.Build.0 = Release|Any CPU
		{F14BD39A-CBA4-46B2-836C-DCD6AC3B1FB3}.Debug|Any CPU.ActiveCfg = Debug|Any CPU
		{F14BD39A-CBA4-46B2-836C-DCD6AC3B1FB3}.Debug|Any CPU.Build.0 = Debug|Any CPU
		{F14BD39A-CBA4-46B2-836C-DCD6AC3B1FB3}.Release|Any CPU.ActiveCfg = Release|Any CPU
		{F14BD39A-CBA4-46B2-836C-DCD6AC3B1FB3}.Release|Any CPU.Build.0 = Release|Any CPU
	EndGlobalSection
EndGlobal
